
Microsoft Visual Studio Solution File, Format Version 12.00
# Visual Studio Version 16
VisualStudioVersion = 16.0.30907.101
MinimumVisualStudioVersion = 10.0.40219.1
Project("{FAE04EC0-301F-11D3-BF4B-00C04F79EFBC}") = "PoleTrojkata", "PoleTrojkata.csproj", "{A551FF1C-B1C6-4C66-A853-08E682963EC2}"
EndProject
Global
	GlobalSection(SolutionConfigurationPlatforms) = preSolution
		Debug|Any CPU = Debug|Any CPU
		Release|Any CPU = Release|Any CPU
	EndGlobalSection
	GlobalSection(ProjectConfigurationPlatforms) = postSolution
		{A551FF1C-B1C6-4C66-A853-08E682963EC2}.Debug|Any CPU.ActiveCfg = Debug|Any CPU
		{A551FF1C-B1C6-4C66-A853-08E682963EC2}.Debug|Any CPU.Build.0 = Debug|Any CPU
		{A551FF1C-B1C6-4C66-A853-08E682963EC2}.Release|Any CPU.ActiveCfg = Release|Any CPU
		{A551FF1C-B1C6-4C66-A853-08E682963EC2}.Release|Any CPU.Build.0 = Release|Any CPU
	EndGlobalSection
	GlobalSection(SolutionProperties) = preSolution
		HideSolutionNode = FALSE
	EndGlobalSection
	GlobalSection(ExtensibilityGlobals) = postSolution
		SolutionGuid = {492F1671-C3E9-420A-8897-B98DB7F3F6B2}
	EndGlobalSection
EndGlobal
